speakeasyVersion: 1.594.0
sources:
    OWASP Nest API:
        sourceNamespace: owasp-nest-api
        sourceRevisionDigest: sha256:044056bf4d11c142285d9840b2518b7966eff284a7f183fb5a0b5e82f39f3457
        sourceBlobDigest: sha256:8029535cfb6f5798324a578aa2e97a8f2e4a7c41390321609980f93bdbbe4339
        tags:
            - latest
            - 1.0.0
targets:
    nest-api:
        source: OWASP Nest API
        sourceNamespace: owasp-nest-api
        sourceRevisionDigest: sha256:044056bf4d11c142285d9840b2518b7966eff284a7f183fb5a0b5e82f39f3457
        sourceBlobDigest: sha256:8029535cfb6f5798324a578aa2e97a8f2e4a7c41390321609980f93bdbbe4339
        codeSamplesNamespace: owasp-nest-api-python-code-samples
        codeSamplesRevisionDigest: sha256:d4d0f8c198589385173ee3f9c2f551528d7c46a8409ea458742a2d5accf587a3
workflow:
    workflowVersion: 1.0.0
    speakeasyVersion: latest
    sources:
        OWASP Nest API:
            inputs:
                - location: backend/openapi.json
            output: .speakeasy/out.openapi.yaml
            registry:
                location: registry.speakeasyapi.dev/owasp/nest/owasp-nest-api
    targets:
        nest-api:
            target: python
            source: OWASP Nest API
            codeSamples:
                registry:
                    location: registry.speakeasyapi.dev/owasp/nest/owasp-nest-api-python-code-samples
                labelOverride:
                    fixedValue: Python (SDK)
                blocking: false
