# This file is automatically @generated by Poetry 2.1.1 and should not be changed by hand.

[[package]]
name = "attrs"
version = "25.3.0"
description = "Classes Without Boilerplate"
optional = false
python-versions = ">=3.8"
groups = ["main"]
files = [
    {file = "attrs-25.3.0-py3-none-any.whl", hash = "sha256:427318ce031701fea540783410126f03899a97ffc6f61596ad581ac2e40e3bc3"},
    {file = "attrs-25.3.0.tar.gz", hash = "sha256:75d7cefc7fb576747b2c81b4442d4d4a1ce0900973527c011d1030fd3bf4af1b"},
]

[package.extras]
benchmark = ["cloudpickle ; platform_python_implementation == \"CPython\"", "hypothesis", "mypy (>=1.11.1) ; platform_python_implementation == \"CPython\" and python_version >= \"3.10\"", "pympler", "pytest (>=4.3.0)", "pytest-codspeed", "pytest-mypy-plugins ; platform_python_implementation == \"CPython\" and python_version >= \"3.10\"", "pytest-xdist[psutil]"]
cov = ["cloudpickle ; platform_python_implementation == \"CPython\"", "coverage[toml] (>=5.3)", "hypothesis", "mypy (>=1.11.1) ; platform_python_implementation == \"CPython\" and python_version >= \"3.10\"", "pympler", "pytest (>=4.3.0)", "pytest-mypy-plugins ; platform_python_implementation == \"CPython\" and python_version >= \"3.10\"", "pytest-xdist[psutil]"]
dev = ["cloudpickle ; platform_python_implementation == \"CPython\"", "hypothesis", "mypy (>=1.11.1) ; platform_python_implementation == \"CPython\" and python_version >= \"3.10\"", "pre-commit-uv", "pympler", "pytest (>=4.3.0)", "pytest-mypy-plugins ; platform_python_implementation == \"CPython\" and python_version >= \"3.10\"", "pytest-xdist[psutil]"]
docs = ["cogapp", "furo", "myst-parser", "sphinx", "sphinx-notfound-page", "sphinxcontrib-towncrier", "towncrier"]
tests = ["cloudpickle ; platform_python_implementation == \"CPython\"", "hypothesis", "mypy (>=1.11.1) ; platform_python_implementation == \"CPython\" and python_version >= \"3.10\"", "pympler", "pytest (>=4.3.0)", "pytest-mypy-plugins ; platform_python_implementation == \"CPython\" and python_version >= \"3.10\"", "pytest-xdist[psutil]"]
tests-mypy = ["mypy (>=1.11.1) ; platform_python_implementation == \"CPython\" and python_version >= \"3.10\"", "pytest-mypy-plugins ; platform_python_implementation == \"CPython\" and python_version >= \"3.10\""]

[[package]]
name = "colorama"
version = "0.4.6"
description = "Cross-platform colored terminal text."
optional = false
python-versions = "!=3.0.*,!=3.1.*,!=3.2.*,!=3.3.*,!=3.4.*,!=3.5.*,!=3.6.*,>=2.7"
groups = ["main", "dev"]
markers = "sys_platform == \"win32\""
files = [
    {file = "colorama-0.4.6-py2.py3-none-any.whl", hash = "sha256:4f1d9991f5acc0ca119f9d443620b77f9d6b33703e51011c16baf57afb285fc6"},
    {file = "colorama-0.4.6.tar.gz", hash = "sha256:08695f5cb7ed6e0531a20572697297273c47b8cae5a63ffc6d6ed5c201be6e44"},
]

[[package]]
name = "iniconfig"
version = "2.1.0"
description = "brain-dead simple config-ini parsing"
optional = false
python-versions = ">=3.8"
groups = ["main", "dev"]
files = [
    {file = "iniconfig-2.1.0-py3-none-any.whl", hash = "sha256:9deba5723312380e77435581c6bf4935c94cbfab9b1ed33ef8d238ea168eb760"},
    {file = "iniconfig-2.1.0.tar.gz", hash = "sha256:3abbd2e30b36733fee78f9c7f7308f2d0050e88f0087fd25c2645f63c773e1c7"},
]

[[package]]
name = "jsonschema"
version = "4.23.0"
description = "An implementation of JSON Schema validation for Python"
optional = false
python-versions = ">=3.8"
groups = ["main"]
files = [
    {file = "jsonschema-4.23.0-py3-none-any.whl", hash = "sha256:fbadb6f8b144a8f8cf9f0b89ba94501d143e50411a1278633f56a7acf7fd5566"},
    {file = "jsonschema-4.23.0.tar.gz", hash = "sha256:d71497fef26351a33265337fa77ffeb82423f3ea21283cd9467bb03999266bc4"},
]

[package.dependencies]
attrs = ">=22.2.0"
jsonschema-specifications = ">=2023.03.6"
referencing = ">=0.28.4"
rpds-py = ">=0.7.1"

[package.extras]
format = ["fqdn", "idna", "isoduration", "jsonpointer (>1.13)", "rfc3339-validator", "rfc3987", "uri-template", "webcolors (>=1.11)"]
format-nongpl = ["fqdn", "idna", "isoduration", "jsonpointer (>1.13)", "rfc3339-validator", "rfc3986-validator (>0.1.0)", "uri-template", "webcolors (>=24.6.0)"]

[[package]]
name = "jsonschema-specifications"
version = "2025.4.1"
description = "The JSON Schema meta-schemas and vocabularies, exposed as a Registry"
optional = false
python-versions = ">=3.9"
groups = ["main"]
files = [
    {file = "jsonschema_specifications-2025.4.1-py3-none-any.whl", hash = "sha256:4653bffbd6584f7de83a67e0d620ef16900b390ddc7939d56684d6c81e33f1af"},
    {file = "jsonschema_specifications-2025.4.1.tar.gz", hash = "sha256:630159c9f4dbea161a6a2205c3011cc4f18ff381b189fff48bb39b9bf26ae608"},
]

[package.dependencies]
referencing = ">=0.31.0"

[[package]]
name = "packaging"
version = "25.0"
description = "Core utilities for Python packages"
optional = false
python-versions = ">=3.8"
groups = ["main", "dev"]
files = [
    {file = "packaging-25.0-py3-none-any.whl", hash = "sha256:29572ef2b1f17581046b3a2227d5c611fb25ec70ca1ba8554b24b0e69331a484"},
    {file = "packaging-25.0.tar.gz", hash = "sha256:d443872c98d677bf60f6a1f2f8c1cb748e8fe762d2bf9d3148b5599295b0fc4f"},
]

[[package]]
name = "pluggy"
version = "1.6.0"
description = "plugin and hook calling mechanisms for python"
optional = false
python-versions = ">=3.9"
groups = ["main", "dev"]
files = [
    {file = "pluggy-1.6.0-py3-none-any.whl", hash = "sha256:e920276dd6813095e9377c0bc5566d94c932c33b27a3e3945d8389c374dd4746"},
    {file = "pluggy-1.6.0.tar.gz", hash = "sha256:7dcc130b76258d33b90f61b658791dede3486c3e6bfb003ee5c9bfb396dd22f3"},
]

[package.extras]
dev = ["pre-commit", "tox"]
testing = ["coverage", "pytest", "pytest-benchmark"]

[[package]]
name = "pytest"
version = "8.3.5"
description = "pytest: simple powerful testing with Python"
optional = false
python-versions = ">=3.8"
groups = ["main", "dev"]
files = [
    {file = "pytest-8.3.5-py3-none-any.whl", hash = "sha256:c69214aa47deac29fad6c2a4f590b9c4a9fdb16a403176fe154b79c0b4d4d820"},
    {file = "pytest-8.3.5.tar.gz", hash = "sha256:f4efe70cc14e511565ac476b57c279e12a855b11f48f212af1080ef2263d3845"},
]

[package.dependencies]
colorama = {version = "*", markers = "sys_platform == \"win32\""}
iniconfig = "*"
packaging = "*"
pluggy = ">=1.5,<2"

[package.extras]
dev = ["argcomplete", "attrs (>=19.2)", "hypothesis (>=3.56)", "mock", "pygments (>=2.7.2)", "requests", "setuptools", "xmlschema"]

[[package]]
name = "pyyaml"
version = "6.0.2"
description = "YAML parser and emitter for Python"
optional = false
python-versions = ">=3.8"
groups = ["main"]
files = [
    {file = "PyYAML-6.0.2-cp310-cp310-macosx_10_9_x86_64.whl", hash = "sha256:0a9a2848a5b7feac301353437eb7d5957887edbf81d56e903999a75a3d743086"},
    {file = "PyYAML-6.0.2-cp310-cp310-macosx_11_0_arm64.whl", hash = "sha256:29717114e51c84ddfba879543fb232a6ed60086602313ca38cce623c1d62cfbf"},
    {file = "PyYAML-6.0.2-cp310-cp310-manylinux_2_17_aarch64.manylinux2014_aarch64.whl", hash = "sha256:8824b5a04a04a047e72eea5cec3bc266db09e35de6bdfe34c9436ac5ee27d237"},
    {file = "PyYAML-6.0.2-cp310-cp310-manylinux_2_17_s390x.manylinux2014_s390x.whl", hash = "sha256:7c36280e6fb8385e520936c3cb3b8042851904eba0e58d277dca80a5cfed590b"},
    {file = "PyYAML-6.0.2-cp310-cp310-manylinux_2_17_x86_64.manylinux2014_x86_64.whl", hash = "sha256:ec031d5d2feb36d1d1a24380e4db6d43695f3748343d99434e6f5f9156aaa2ed"},
    {file = "PyYAML-6.0.2-cp310-cp310-musllinux_1_1_aarch64.whl", hash = "sha256:936d68689298c36b53b29f23c6dbb74de12b4ac12ca6cfe0e047bedceea56180"},
    {file = "PyYAML-6.0.2-cp310-cp310-musllinux_1_1_x86_64.whl", hash = "sha256:23502f431948090f597378482b4812b0caae32c22213aecf3b55325e049a6c68"},
    {file = "PyYAML-6.0.2-cp310-cp310-win32.whl", hash = "sha256:2e99c6826ffa974fe6e27cdb5ed0021786b03fc98e5ee3c5bfe1fd5015f42b99"},
    {file = "PyYAML-6.0.2-cp310-cp310-win_amd64.whl", hash = "sha256:a4d3091415f010369ae4ed1fc6b79def9416358877534caf6a0fdd2146c87a3e"},
    {file = "PyYAML-6.0.2-cp311-cp311-macosx_10_9_x86_64.whl", hash = "sha256:cc1c1159b3d456576af7a3e4d1ba7e6924cb39de8f67111c735f6fc832082774"},
    {file = "PyYAML-6.0.2-cp311-cp311-macosx_11_0_arm64.whl", hash = "sha256:1e2120ef853f59c7419231f3bf4e7021f1b936f6ebd222406c3b60212205d2ee"},
    {file = "PyYAML-6.0.2-cp311-cp311-manylinux_2_17_aarch64.manylinux2014_aarch64.whl", hash = "sha256:5d225db5a45f21e78dd9358e58a98702a0302f2659a3c6cd320564b75b86f47c"},
    {file = "PyYAML-6.0.2-cp311-cp311-manylinux_2_17_s390x.manylinux2014_s390x.whl", hash = "sha256:5ac9328ec4831237bec75defaf839f7d4564be1e6b25ac710bd1a96321cc8317"},
    {file = "PyYAML-6.0.2-cp311-cp311-manylinux_2_17_x86_64.manylinux2014_x86_64.whl", hash = "sha256:3ad2a3decf9aaba3d29c8f537ac4b243e36bef957511b4766cb0057d32b0be85"},
    {file = "PyYAML-6.0.2-cp311-cp311-musllinux_1_1_aarch64.whl", hash = "sha256:ff3824dc5261f50c9b0dfb3be22b4567a6f938ccce4587b38952d85fd9e9afe4"},
    {file = "PyYAML-6.0.2-cp311-cp311-musllinux_1_1_x86_64.whl", hash = "sha256:797b4f722ffa07cc8d62053e4cff1486fa6dc094105d13fea7b1de7d8bf71c9e"},
    {file = "PyYAML-6.0.2-cp311-cp311-win32.whl", hash = "sha256:11d8f3dd2b9c1207dcaf2ee0bbbfd5991f571186ec9cc78427ba5bd32afae4b5"},
    {file = "PyYAML-6.0.2-cp311-cp311-win_amd64.whl", hash = "sha256:e10ce637b18caea04431ce14fabcf5c64a1c61ec9c56b071a4b7ca131ca52d44"},
    {file = "PyYAML-6.0.2-cp312-cp312-macosx_10_9_x86_64.whl", hash = "sha256:c70c95198c015b85feafc136515252a261a84561b7b1d51e3384e0655ddf25ab"},
    {file = "PyYAML-6.0.2-cp312-cp312-macosx_11_0_arm64.whl", hash = "sha256:ce826d6ef20b1bc864f0a68340c8b3287705cae2f8b4b1d932177dcc76721725"},
    {file = "PyYAML-6.0.2-cp312-cp312-manylinux_2_17_aarch64.manylinux2014_aarch64.whl", hash = "sha256:1f71ea527786de97d1a0cc0eacd1defc0985dcf6b3f17bb77dcfc8c34bec4dc5"},
    {file = "PyYAML-6.0.2-cp312-cp312-manylinux_2_17_s390x.manylinux2014_s390x.whl", hash = "sha256:9b22676e8097e9e22e36d6b7bda33190d0d400f345f23d4065d48f4ca7ae0425"},
    {file = "PyYAML-6.0.2-cp312-cp312-manylinux_2_17_x86_64.manylinux2014_x86_64.whl", hash = "sha256:80bab7bfc629882493af4aa31a4cfa43a4c57c83813253626916b8c7ada83476"},
    {file = "PyYAML-6.0.2-cp312-cp312-musllinux_1_1_aarch64.whl", hash = "sha256:0833f8694549e586547b576dcfaba4a6b55b9e96098b36cdc7ebefe667dfed48"},
    {file = "PyYAML-6.0.2-cp312-cp312-musllinux_1_1_x86_64.whl", hash = "sha256:8b9c7197f7cb2738065c481a0461e50ad02f18c78cd75775628afb4d7137fb3b"},
    {file = "PyYAML-6.0.2-cp312-cp312-win32.whl", hash = "sha256:ef6107725bd54b262d6dedcc2af448a266975032bc85ef0172c5f059da6325b4"},
    {file = "PyYAML-6.0.2-cp312-cp312-win_amd64.whl", hash = "sha256:7e7401d0de89a9a855c839bc697c079a4af81cf878373abd7dc625847d25cbd8"},
    {file = "PyYAML-6.0.2-cp313-cp313-macosx_10_13_x86_64.whl", hash = "sha256:efdca5630322a10774e8e98e1af481aad470dd62c3170801852d752aa7a783ba"},
    {file = "PyYAML-6.0.2-cp313-cp313-macosx_11_0_arm64.whl", hash = "sha256:50187695423ffe49e2deacb8cd10510bc361faac997de9efef88badc3bb9e2d1"},
    {file = "PyYAML-6.0.2-cp313-cp313-manylinux_2_17_aarch64.manylinux2014_aarch64.whl", hash = "sha256:0ffe8360bab4910ef1b9e87fb812d8bc0a308b0d0eef8c8f44e0254ab3b07133"},
    {file = "PyYAML-6.0.2-cp313-cp313-manylinux_2_17_s390x.manylinux2014_s390x.whl", hash = "sha256:17e311b6c678207928d649faa7cb0d7b4c26a0ba73d41e99c4fff6b6c3276484"},
    {file = "PyYAML-6.0.2-cp313-cp313-manylinux_2_17_x86_64.manylinux2014_x86_64.whl", hash = "sha256:70b189594dbe54f75ab3a1acec5f1e3faa7e8cf2f1e08d9b561cb41b845f69d5"},
    {file = "PyYAML-6.0.2-cp313-cp313-musllinux_1_1_aarch64.whl", hash = "sha256:41e4e3953a79407c794916fa277a82531dd93aad34e29c2a514c2c0c5fe971cc"},
    {file = "PyYAML-6.0.2-cp313-cp313-musllinux_1_1_x86_64.whl", hash = "sha256:68ccc6023a3400877818152ad9a1033e3db8625d899c72eacb5a668902e4d652"},
    {file = "PyYAML-6.0.2-cp313-cp313-win32.whl", hash = "sha256:bc2fa7c6b47d6bc618dd7fb02ef6fdedb1090ec036abab80d4681424b84c1183"},
    {file = "PyYAML-6.0.2-cp313-cp313-win_amd64.whl", hash = "sha256:8388ee1976c416731879ac16da0aff3f63b286ffdd57cdeb95f3f2e085687563"},
    {file = "PyYAML-6.0.2-cp38-cp38-macosx_10_9_x86_64.whl", hash = "sha256:24471b829b3bf607e04e88d79542a9d48bb037c2267d7927a874e6c205ca7e9a"},
    {file = "PyYAML-6.0.2-cp38-cp38-manylinux_2_17_aarch64.manylinux2014_aarch64.whl", hash = "sha256:d7fded462629cfa4b685c5416b949ebad6cec74af5e2d42905d41e257e0869f5"},
    {file = "PyYAML-6.0.2-cp38-cp38-manylinux_2_17_s390x.manylinux2014_s390x.whl", hash = "sha256:d84a1718ee396f54f3a086ea0a66d8e552b2ab2017ef8b420e92edbc841c352d"},
    {file = "PyYAML-6.0.2-cp38-cp38-manylinux_2_17_x86_64.manylinux2014_x86_64.whl", hash = "sha256:9056c1ecd25795207ad294bcf39f2db3d845767be0ea6e6a34d856f006006083"},
    {file = "PyYAML-6.0.2-cp38-cp38-musllinux_1_1_x86_64.whl", hash = "sha256:82d09873e40955485746739bcb8b4586983670466c23382c19cffecbf1fd8706"},
    {file = "PyYAML-6.0.2-cp38-cp38-win32.whl", hash = "sha256:43fa96a3ca0d6b1812e01ced1044a003533c47f6ee8aca31724f78e93ccc089a"},
    {file = "PyYAML-6.0.2-cp38-cp38-win_amd64.whl", hash = "sha256:01179a4a8559ab5de078078f37e5c1a30d76bb88519906844fd7bdea1b7729ff"},
    {file = "PyYAML-6.0.2-cp39-cp39-macosx_10_9_x86_64.whl", hash = "sha256:688ba32a1cffef67fd2e9398a2efebaea461578b0923624778664cc1c914db5d"},
    {file = "PyYAML-6.0.2-cp39-cp39-macosx_11_0_arm64.whl", hash = "sha256:a8786accb172bd8afb8be14490a16625cbc387036876ab6ba70912730faf8e1f"},
    {file = "PyYAML-6.0.2-cp39-cp39-manylinux_2_17_aarch64.manylinux2014_aarch64.whl", hash = "sha256:d8e03406cac8513435335dbab54c0d385e4a49e4945d2909a581c83647ca0290"},
    {file = "PyYAML-6.0.2-cp39-cp39-manylinux_2_17_s390x.manylinux2014_s390x.whl", hash = "sha256:f753120cb8181e736c57ef7636e83f31b9c0d1722c516f7e86cf15b7aa57ff12"},
    {file = "PyYAML-6.0.2-cp39-cp39-manylinux_2_17_x86_64.manylinux2014_x86_64.whl", hash = "sha256:3b1fdb9dc17f5a7677423d508ab4f243a726dea51fa5e70992e59a7411c89d19"},
    {file = "PyYAML-6.0.2-cp39-cp39-musllinux_1_1_aarch64.whl", hash = "sha256:0b69e4ce7a131fe56b7e4d770c67429700908fc0752af059838b1cfb41960e4e"},
    {file = "PyYAML-6.0.2-cp39-cp39-musllinux_1_1_x86_64.whl", hash = "sha256:a9f8c2e67970f13b16084e04f134610fd1d374bf477b17ec1599185cf611d725"},
    {file = "PyYAML-6.0.2-cp39-cp39-win32.whl", hash = "sha256:6395c297d42274772abc367baaa79683958044e5d3835486c16da75d2a694631"},
    {file = "PyYAML-6.0.2-cp39-cp39-win_amd64.whl", hash = "sha256:39693e1f8320ae4f43943590b49779ffb98acb81f788220ea932a6b6c51004d8"},
    {file = "pyyaml-6.0.2.tar.gz", hash = "sha256:d584d9ec91ad65861cc08d42e834324ef890a082e591037abe114850ff7bbc3e"},
]

[[package]]
name = "referencing"
version = "0.36.2"
description = "JSON Referencing + Python"
optional = false
python-versions = ">=3.9"
groups = ["main"]
files = [
    {file = "referencing-0.36.2-py3-none-any.whl", hash = "sha256:e8699adbbf8b5c7de96d8ffa0eb5c158b3beafce084968e2ea8bb08c6794dcd0"},
    {file = "referencing-0.36.2.tar.gz", hash = "sha256:df2e89862cd09deabbdba16944cc3f10feb6b3e6f18e902f7cc25609a34775aa"},
]

[package.dependencies]
attrs = ">=22.2.0"
rpds-py = ">=0.7.0"

[[package]]
name = "rpds-py"
version = "0.25.0"
description = "Python bindings to Rust's persistent data structures (rpds)"
optional = false
python-versions = ">=3.9"
groups = ["main"]
files = [
    {file = "rpds_py-0.25.0-cp310-cp310-macosx_10_12_x86_64.whl", hash = "sha256:c146a24a8f0dc4a7846fb4640b88b3a68986585b8ce8397af15e66b7c5817439"},
    {file = "rpds_py-0.25.0-cp310-cp310-macosx_11_0_arm64.whl", hash = "sha256:77814c7a4e1dc43fba73aeb4c1ef0fe37d901f3aa869a4823de5ea843a283fd0"},
    {file = "rpds_py-0.25.0-cp310-cp310-manylinux_2_17_aarch64.manylinux2014_aarch64.whl", hash = "sha256:5afbff2822016db3c696cb0c1432e6b1f0e34aa9280bc5184dc216812a24e70d"},
    {file = "rpds_py-0.25.0-cp310-cp310-manylinux_2_17_armv7l.manylinux2014_armv7l.whl", hash = "sha256:ffae52cd76837a5c16409359d236b1fced79e42e0792e8adf375095a5e855368"},
    {file = "rpds_py-0.25.0-cp310-cp310-manylinux_2_17_ppc64le.manylinux2014_ppc64le.whl", hash = "sha256:ddf9426b740a7047b2b0dddcba775211542e8053ce1e509a1759b665fe573508"},
    {file = "rpds_py-0.25.0-cp310-cp310-manylinux_2_17_s390x.manylinux2014_s390x.whl", hash = "sha256:9cad834f1a8f51eb037c3c4dc72c884c9e1e0644d900e2d45aa76450e4aa6282"},
    {file = "rpds_py-0.25.0-cp310-cp310-manylinux_2_17_x86_64.manylinux2014_x86_64.whl", hash = "sha256:c46bd76986e05689376d28fdc2b97d899576ce3e3aaa5a5f80f67a8300b26eb3"},
    {file = "rpds_py-0.25.0-cp310-cp310-manylinux_2_5_i686.manylinux1_i686.whl", hash = "sha256:f3353a2d7eb7d5e0af8a7ca9fc85a34ba12619119bcdee6b8a28a6373cda65ce"},
    {file = "rpds_py-0.25.0-cp310-cp310-musllinux_1_2_aarch64.whl", hash = "sha256:fdc648d4e81eef5ac4bb35d731562dffc28358948410f3274d123320e125d613"},
    {file = "rpds_py-0.25.0-cp310-cp310-musllinux_1_2_i686.whl", hash = "sha256:098d446d76d26e394b440d73921b49c1c90274d46ccbaadf346b1b78f9fdd4b1"},
    {file = "rpds_py-0.25.0-cp310-cp310-musllinux_1_2_x86_64.whl", hash = "sha256:c624c82e645f6b5465d08cdc802fb0cd53aa1478782fb2992b9e09f2c9426865"},
    {file = "rpds_py-0.25.0-cp310-cp310-win32.whl", hash = "sha256:9d0041bd9e2d2ef803b32d84a0c8115d178132da5691346465953a2a966ba8ca"},
    {file = "rpds_py-0.25.0-cp310-cp310-win_amd64.whl", hash = "sha256:d8b41195a6b03280ab00749a438fbce761e7acfd5381051a570239d752376f27"},
    {file = "rpds_py-0.25.0-cp311-cp311-macosx_10_12_x86_64.whl", hash = "sha256:6587ece9f205097c62d0e3d3cb7c06991eb0083ab6a9cf48951ec49c2ab7183c"},
    {file = "rpds_py-0.25.0-cp311-cp311-macosx_11_0_arm64.whl", hash = "sha256:b0a5651e350997cebcdc23016dca26c4d1993d29015a535284da3159796e30b6"},
    {file = "rpds_py-0.25.0-cp311-cp311-manylinux_2_17_aarch64.manylinux2014_aarch64.whl", hash = "sha256:3752a015db89ea3e9c04d5e185549be4aa29c1882150e094c614c0de8e788feb"},
    {file = "rpds_py-0.25.0-cp311-cp311-manylinux_2_17_armv7l.manylinux2014_armv7l.whl", hash = "sha256:a05b199c11d2f39c72de8c30668734b5d20974ad44b65324ea3e647a211f135d"},
    {file = "rpds_py-0.25.0-cp311-cp311-manylinux_2_17_ppc64le.manylinux2014_ppc64le.whl", hash = "sha256:2f91902fc0c95dd1fa6b30ebd2af83ace91e592f7fd6340a375588a9d4b9341b"},
    {file = "rpds_py-0.25.0-cp311-cp311-manylinux_2_17_s390x.manylinux2014_s390x.whl", hash = "sha256:98c729193e7abe498565266933c125780fb646e977e94289cadbb36e4eeeb370"},
    {file = "rpds_py-0.25.0-cp311-cp311-manylinux_2_17_x86_64.manylinux2014_x86_64.whl", hash = "sha256:36a7564deaac3f372e8b8b701eb982ea3113516e8e08cd87e3dc6ccf29bad14b"},
    {file = "rpds_py-0.25.0-cp311-cp311-manylinux_2_5_i686.manylinux1_i686.whl", hash = "sha256:6b0c0f671a53c129ea48f9481e95532579cc489ab5a0ffe750c9020787181c48"},
    {file = "rpds_py-0.25.0-cp311-cp311-musllinux_1_2_aarch64.whl", hash = "sha256:d21408eaa157063f56e58ca50da27cad67c4395a85fb44cc7a31253ea4e58918"},
    {file = "rpds_py-0.25.0-cp311-cp311-musllinux_1_2_i686.whl", hash = "sha256:a413674eb2bd2ecb2b93fcc928871b19f7220ee04bca4af3375c50a2b32b5a50"},
    {file = "rpds_py-0.25.0-cp311-cp311-musllinux_1_2_x86_64.whl", hash = "sha256:94f89161a3e358db33310a8a064852a6eb119ed1aa1a3dba927b4e5140e65d00"},
    {file = "rpds_py-0.25.0-cp311-cp311-win32.whl", hash = "sha256:540cd89d256119845b7f8f56c4bb80cad280cab92d9ca473be49ea13e678fd44"},
    {file = "rpds_py-0.25.0-cp311-cp311-win_amd64.whl", hash = "sha256:2649ff19291928243f90c86e4dc9cd86c8c4c6a73c3693ba2e23bc2fbcd8338c"},
    {file = "rpds_py-0.25.0-cp312-cp312-macosx_10_12_x86_64.whl", hash = "sha256:89260601d497fa5957c3e46f10b16cfa2a4808ad4dd46cddc0b997461923a7d9"},
    {file = "rpds_py-0.25.0-cp312-cp312-macosx_11_0_arm64.whl", hash = "sha256:637ec39f97e342a3f76af739eda96800549d92f3aa27a2170b6dcbdffd49f480"},
    {file = "rpds_py-0.25.0-cp312-cp312-manylinux_2_17_aarch64.manylinux2014_aarch64.whl", hash = "sha256:2bd08c82336412a39a598e5baccab2ee2d7bd54e9115c8b64f2febb45da5c368"},
    {file = "rpds_py-0.25.0-cp312-cp312-manylinux_2_17_armv7l.manylinux2014_armv7l.whl", hash = "sha256:837fd066f974e5b98c69ac83ec594b79a2724a39a92a157b8651615e5032e530"},
    {file = "rpds_py-0.25.0-cp312-cp312-manylinux_2_17_ppc64le.manylinux2014_ppc64le.whl", hash = "sha256:653a066d2a4a332d4f8a11813e8124b643fa7b835b78468087a9898140469eee"},
    {file = "rpds_py-0.25.0-cp312-cp312-manylinux_2_17_s390x.manylinux2014_s390x.whl", hash = "sha256:91a51499be506022b9f09facfc42f0c3a1c45969c0fc8f0bbebc8ff23ab9e531"},
    {file = "rpds_py-0.25.0-cp312-cp312-manylinux_2_17_x86_64.manylinux2014_x86_64.whl", hash = "sha256:eb91471640390a82744b164f8a0be4d7c89d173b1170713f9639c6bad61e9e64"},
    {file = "rpds_py-0.25.0-cp312-cp312-manylinux_2_5_i686.manylinux1_i686.whl", hash = "sha256:28bd2969445acc2d6801a22f97a43134ae3cb18e7495d668bfaa8d82b8526cdc"},
    {file = "rpds_py-0.25.0-cp312-cp312-musllinux_1_2_aarch64.whl", hash = "sha256:f933b35fa563f047896a70b69414dfb3952831817e4c4b3a6faa96737627f363"},
    {file = "rpds_py-0.25.0-cp312-cp312-musllinux_1_2_i686.whl", hash = "sha256:80b37b37525492250adc7cbca20ae7084f86eb3eb62414b624d2a400370853b1"},
    {file = "rpds_py-0.25.0-cp312-cp312-musllinux_1_2_x86_64.whl", hash = "sha256:864573b6440b770db5a8693547a8728d7fd32580d4903010a8eee0bb5b03b130"},
    {file = "rpds_py-0.25.0-cp312-cp312-win32.whl", hash = "sha256:ad4a896896346adab86d52b31163c39d49e4e94c829494b96cc064bff82c5851"},
    {file = "rpds_py-0.25.0-cp312-cp312-win_amd64.whl", hash = "sha256:4fbec54cc42fa90ca69158d75f125febc4116b2d934e71c78f97de1388a8feb2"},
    {file = "rpds_py-0.25.0-cp313-cp313-macosx_10_12_x86_64.whl", hash = "sha256:4e5fe366fa53bd6777cf5440245366705338587b2cf8d61348ddaad744eb591a"},
    {file = "rpds_py-0.25.0-cp313-cp313-macosx_11_0_arm64.whl", hash = "sha256:54f925ff8d4443b7cae23a5215954abbf4736a3404188bde53c4d744ac001d89"},
    {file = "rpds_py-0.25.0-cp313-cp313-manylinux_2_17_aarch64.manylinux2014_aarch64.whl", hash = "sha256:d58258a66255b2500ddaa4f33191ada5ec983a429c09eb151daf81efbb9aa115"},
    {file = "rpds_py-0.25.0-cp313-cp313-manylinux_2_17_armv7l.manylinux2014_armv7l.whl", hash = "sha256:8f3a57f08c558d0983a708bfe6d1265f47b5debff9b366b2f2091690fada055c"},
    {file = "rpds_py-0.25.0-cp313-cp313-manylinux_2_17_ppc64le.manylinux2014_ppc64le.whl", hash = "sha256:b7d60d42f1b9571341ad2322e748f7a60f9847546cd801a3a0eb72a1b54c6519"},
    {file = "rpds_py-0.25.0-cp313-cp313-manylinux_2_17_s390x.manylinux2014_s390x.whl", hash = "sha256:a54b94b0e4de95aa92618906fb631779d9fde29b4bf659f482c354a3a79fd025"},
    {file = "rpds_py-0.25.0-cp313-cp313-manylinux_2_17_x86_64.manylinux2014_x86_64.whl", hash = "sha256:af1c2241919304cc2f90e7dcb3eb1c1df6fb4172dd338e629dd6410e48b3d1a0"},
    {file = "rpds_py-0.25.0-cp313-cp313-manylinux_2_5_i686.manylinux1_i686.whl", hash = "sha256:7d34547810bfd61acf8a441e8a3651e7a919e8e8aed29850be14a1b05cfc6f41"},
    {file = "rpds_py-0.25.0-cp313-cp313-musllinux_1_2_aarch64.whl", hash = "sha256:66568caacf18542f0cf213db7adf3de2da6ad58c7bf2c4fafec0d81ae557443b"},
    {file = "rpds_py-0.25.0-cp313-cp313-musllinux_1_2_i686.whl", hash = "sha256:e49e4c3e899c32884d7828c91d6c3aff08d2f18857f50f86cc91187c31a4ca58"},
    {file = "rpds_py-0.25.0-cp313-cp313-musllinux_1_2_x86_64.whl", hash = "sha256:20af08b0b2d5b196a2bcb70becf0b97ec5af579cee0ae6750b08a2eea3b6c77d"},
    {file = "rpds_py-0.25.0-cp313-cp313-win32.whl", hash = "sha256:d3dc8d6ce8f001c80919bdb49d8b0b815185933a0b8e9cdeaea42b0b6f27eeb0"},
    {file = "rpds_py-0.25.0-cp313-cp313-win_amd64.whl", hash = "sha256:113d134dc5a8d2503630ca2707b58a1bf5b1b3c69b35c7dab8690ee650c111b8"},
    {file = "rpds_py-0.25.0-cp313-cp313t-macosx_10_12_x86_64.whl", hash = "sha256:6c72a4a8fab10bc96720ad40941bb471e3b1150fb8d62dab205d495511206cf1"},
    {file = "rpds_py-0.25.0-cp313-cp313t-macosx_11_0_arm64.whl", hash = "sha256:bb979162323f3534dce84b59f86e689a0761a2a300e0212bfaedfa80d4eb8100"},
    {file = "rpds_py-0.25.0-cp313-cp313t-manylinux_2_17_aarch64.manylinux2014_aarch64.whl", hash = "sha256:35c8cb5dcf7d36d3adf2ae0730b60fb550a8feb6e432bee7ef84162a0d15714b"},
    {file = "rpds_py-0.25.0-cp313-cp313t-manylinux_2_17_armv7l.manylinux2014_armv7l.whl", hash = "sha256:673ba018df5ae5e7b6c9a021d51ffe39c0ae1daa0041611ed27a0bca634b2d2e"},
    {file = "rpds_py-0.25.0-cp313-cp313t-manylinux_2_17_ppc64le.manylinux2014_ppc64le.whl", hash = "sha256:16fb28d3a653f67c871a47c5ca0be17bce9fab8adb8bcf7bd09f3771b8c4d860"},
    {file = "rpds_py-0.25.0-cp313-cp313t-manylinux_2_17_s390x.manylinux2014_s390x.whl", hash = "sha256:12a84c3851f9e68633d883c01347db3cb87e6160120a489f9c47162cd276b0a5"},
    {file = "rpds_py-0.25.0-cp313-cp313t-manylinux_2_17_x86_64.manylinux2014_x86_64.whl", hash = "sha256:6b5f457afffb45d3804728a54083e31fbaf460e902e3f7d063e56d0d0814301e"},
    {file = "rpds_py-0.25.0-cp313-cp313t-manylinux_2_5_i686.manylinux1_i686.whl", hash = "sha256:9442cbff21122e9a529b942811007d65eabe4182e7342d102caf119b229322c6"},
    {file = "rpds_py-0.25.0-cp313-cp313t-musllinux_1_2_aarch64.whl", hash = "sha256:383cf0d4288baf5a16812ed70d54ecb7f2064e255eb7fe42c38e926adeae4534"},
    {file = "rpds_py-0.25.0-cp313-cp313t-musllinux_1_2_i686.whl", hash = "sha256:0dcdee07ebf76223092666c72a9552db276fbe46b98830ecd1bb836cc98adc81"},
    {file = "rpds_py-0.25.0-cp313-cp313t-musllinux_1_2_x86_64.whl", hash = "sha256:5bbfbd9c74c4dd74815bd532bf29bedea6d27d38f35ef46f9754172a14e4c655"},
    {file = "rpds_py-0.25.0-cp313-cp313t-win32.whl", hash = "sha256:90dbd2c42cb6463c07020695800ae8f347e7dbeff09da2975a988e467b624539"},
    {file = "rpds_py-0.25.0-cp313-cp313t-win_amd64.whl", hash = "sha256:8c2ad59c4342a176cb3e0d5753e1c911eabc95c210fc6d0e913c32bf560bf012"},
    {file = "rpds_py-0.25.0-cp39-cp39-macosx_10_12_x86_64.whl", hash = "sha256:9f9a1b15b875160186177f659cde2b0f899182b0aca49457d6396afc4bbda7b9"},
    {file = "rpds_py-0.25.0-cp39-cp39-macosx_11_0_arm64.whl", hash = "sha256:5e849315963eb08c26167d0f2c0f9319c9bd379daea75092b3c595d70be6209d"},
    {file = "rpds_py-0.25.0-cp39-cp39-manylinux_2_17_aarch64.manylinux2014_aarch64.whl", hash = "sha256:4ad37c29adc435e6d8b24be86b03596183ee8d4bb8580cc4c676879b0b896a99"},
    {file = "rpds_py-0.25.0-cp39-cp39-manylinux_2_17_armv7l.manylinux2014_armv7l.whl", hash = "sha256:587cad3959d3d85127cf5df1624cdce569bb3796372e00420baad46af7c56b9b"},
    {file = "rpds_py-0.25.0-cp39-cp39-manylinux_2_17_ppc64le.manylinux2014_ppc64le.whl", hash = "sha256:ce0518667855a1598d9b1f4fcf0fed1182c67c5ba4fe6a2c6bce93440a65cead"},
    {file = "rpds_py-0.25.0-cp39-cp39-manylinux_2_17_s390x.manylinux2014_s390x.whl", hash = "sha256:7c18cb2f6805861dcdf11fb0b3c111a0335f6475411687db2f6636f32bed66b0"},
    {file = "rpds_py-0.25.0-cp39-cp39-manylinux_2_17_x86_64.manylinux2014_x86_64.whl", hash = "sha256:3a21f4584f69547ae03aaa21be98753e85599f3437b84039da5dc20b53abe987"},
    {file = "rpds_py-0.25.0-cp39-cp39-manylinux_2_5_i686.manylinux1_i686.whl", hash = "sha256:3d7d65aa934899849628137ab391562cdb487c6ffb9b9781319a64a9c66afbce"},
    {file = "rpds_py-0.25.0-cp39-cp39-musllinux_1_2_aarch64.whl", hash = "sha256:fd9167e9604cb5a218a2e847aa8cdc5f98b379a673371978ee7b0c11b4d2e140"},
    {file = "rpds_py-0.25.0-cp39-cp39-musllinux_1_2_i686.whl", hash = "sha256:6c27156c8d836e7ff760767e93245b286ae028bfd81d305db676662d1f642637"},
    {file = "rpds_py-0.25.0-cp39-cp39-musllinux_1_2_x86_64.whl", hash = "sha256:66087711faf29cb3ac8ab05341939aec29968626aff8ef18e483e229055dd9a7"},
    {file = "rpds_py-0.25.0-cp39-cp39-win32.whl", hash = "sha256:f2e69415e4e33cdeee50ebc2c4d8fcbef12c3181d9274e512ccd2a905a76aad1"},
    {file = "rpds_py-0.25.0-cp39-cp39-win_amd64.whl", hash = "sha256:58cfaa54752d6d2b4f10e87571688dbb7792327a69eca5417373d77d42787058"},
    {file = "rpds_py-0.25.0-pp310-pypy310_pp73-macosx_10_12_x86_64.whl", hash = "sha256:57e9616a2a9da08fe0994e37a0c6f578fbaf6d35911bcba31e99660542d60c45"},
    {file = "rpds_py-0.25.0-pp310-pypy310_pp73-macosx_11_0_arm64.whl", hash = "sha256:6d95521901896a90a858993bfa3ec0f9160d3d97e8c8fefc279b3306cdadfee0"},
    {file = "rpds_py-0.25.0-pp310-pypy310_pp73-manylinux_2_17_aarch64.manylinux2014_aarch64.whl", hash = "sha256:d33aef3914a5b49db12ed3f24d214ffa50caefc8f4b0c7c7b9485bd4b231a898"},
    {file = "rpds_py-0.25.0-pp310-pypy310_pp73-manylinux_2_17_armv7l.manylinux2014_armv7l.whl", hash = "sha256:4acbe2349a3baac9cc212005b6cb4bbb7e5b34538886cde4f55dfc29173da1d6"},
    {file = "rpds_py-0.25.0-pp310-pypy310_pp73-manylinux_2_17_ppc64le.manylinux2014_ppc64le.whl", hash = "sha256:9b75b5d3416b00d064a5e6f4814fdfb18a964a7cf38dc00b5c2c02fa30a7dd0b"},
    {file = "rpds_py-0.25.0-pp310-pypy310_pp73-manylinux_2_17_s390x.manylinux2014_s390x.whl", hash = "sha256:542a6f1d0f400b9ce1facb3e30dd3dc84e4affc60353509b00a7bdcd064be91e"},
    {file = "rpds_py-0.25.0-pp310-pypy310_pp73-manylinux_2_17_x86_64.manylinux2014_x86_64.whl", hash = "sha256:a60ba9d104f4e8496107b1cb86e45a68a16d13511dc3986e0780e9f85c2136f9"},
    {file = "rpds_py-0.25.0-pp310-pypy310_pp73-manylinux_2_5_i686.manylinux1_i686.whl", hash = "sha256:6065a489b7b284efb29d57adffae2b9b5e9403d3c8d95cfa04e04e024e6b4e77"},
    {file = "rpds_py-0.25.0-pp310-pypy310_pp73-musllinux_1_2_aarch64.whl", hash = "sha256:6bcca4d0d24d8c37bfe0cafdaaf4346b6c516db21ccaad5c7fba0a0df818dfc9"},
    {file = "rpds_py-0.25.0-pp310-pypy310_pp73-musllinux_1_2_i686.whl", hash = "sha256:8155e21203161e5c78791fc049b99f0bbbf14d1d1839c8c93c8344957f9e8e1e"},
    {file = "rpds_py-0.25.0-pp310-pypy310_pp73-musllinux_1_2_x86_64.whl", hash = "sha256:6a1eda14db1ac7a2ab4536dfe69e4d37fdd765e8e784ae4451e61582ebb76012"},
    {file = "rpds_py-0.25.0-pp310-pypy310_pp73-win_amd64.whl", hash = "sha256:de34a7d1893be76cb015929690dce3bde29f4de08143da2e9ad1cedb11dbf80e"},
    {file = "rpds_py-0.25.0-pp311-pypy311_pp73-macosx_10_12_x86_64.whl", hash = "sha256:0d63a86b457069d669c423f093db4900aa102f0e5a626973eff4db8355c0fd96"},
    {file = "rpds_py-0.25.0-pp311-pypy311_pp73-macosx_11_0_arm64.whl", hash = "sha256:89bb2b20829270aca28b1e5481be8ee24cb9aa86e6c0c81cb4ada2112c9588c5"},
    {file = "rpds_py-0.25.0-pp311-pypy311_pp73-manylinux_2_17_aarch64.manylinux2014_aarch64.whl", hash = "sha256:83e103b48e63fd2b8a8e2b21ab5b5299a7146045626c2ed4011511ea8122d217"},
    {file = "rpds_py-0.25.0-pp311-pypy311_pp73-manylinux_2_17_armv7l.manylinux2014_armv7l.whl", hash = "sha256:fccd24c080850715c58a80200d367bc62b4bff6c9fb84e9564da1ebcafea6418"},
    {file = "rpds_py-0.25.0-pp311-pypy311_pp73-manylinux_2_17_ppc64le.manylinux2014_ppc64le.whl", hash = "sha256:12b42790c91e0041a98f0ec04244fb334696938793e785a5d4c7e56ca534d7da"},
    {file = "rpds_py-0.25.0-pp311-pypy311_pp73-manylinux_2_17_s390x.manylinux2014_s390x.whl", hash = "sha256:bc907ea12216cfc5560148fc42459d86740fc739981c6feb94230dab09362679"},
    {file = "rpds_py-0.25.0-pp311-pypy311_pp73-manylinux_2_17_x86_64.manylinux2014_x86_64.whl", hash = "sha256:1e11065b759c38c4945f8c9765ed2910e31fa5b2f7733401eb7d966f468367a2"},
    {file = "rpds_py-0.25.0-pp311-pypy311_pp73-manylinux_2_5_i686.manylinux1_i686.whl", hash = "sha256:8abc1a3e29b599bf8bb5ad455256a757e8b0ed5621e7e48abe8209932dc6d11e"},
    {file = "rpds_py-0.25.0-pp311-pypy311_pp73-musllinux_1_2_aarch64.whl", hash = "sha256:cd36b71f9f3bf195b2dd9be5eafbfc9409e6c8007aebc38a4dc051f522008033"},
    {file = "rpds_py-0.25.0-pp311-pypy311_pp73-musllinux_1_2_i686.whl", hash = "sha256:805a0dff0674baa3f360c21dcbc622ae544f2bb4753d87a4a56a1881252a477e"},
    {file = "rpds_py-0.25.0-pp311-pypy311_pp73-musllinux_1_2_x86_64.whl", hash = "sha256:96742796f499ac23b59856db734e65b286d1214a0d9b57bcd7bece92d9201fa4"},
    {file = "rpds_py-0.25.0-pp39-pypy39_pp73-macosx_10_12_x86_64.whl", hash = "sha256:7715597186a7277be12729c896019226321bad1f047da381ab707b177aa5017c"},
    {file = "rpds_py-0.25.0-pp39-pypy39_pp73-macosx_11_0_arm64.whl", hash = "sha256:5b049dd0792d51f07193cd934acec89abe84d2607109e6ca223b2f0ff24f0c7d"},
    {file = "rpds_py-0.25.0-pp39-pypy39_pp73-manylinux_2_17_aarch64.manylinux2014_aarch64.whl", hash = "sha256:87c6ff87b38f46d712418d78b34db1198408a3d9a42eddc640644aea561216b1"},
    {file = "rpds_py-0.25.0-pp39-pypy39_pp73-manylinux_2_17_armv7l.manylinux2014_armv7l.whl", hash = "sha256:240251fd95b057c26f8538d0e673bf983eba4f38da95fbaf502bfc1a768b3984"},
    {file = "rpds_py-0.25.0-pp39-pypy39_pp73-manylinux_2_17_ppc64le.manylinux2014_ppc64le.whl", hash = "sha256:85587479f210350e9d9d25e505f422dd636e561658382ee8947357a4bac491ad"},
    {file = "rpds_py-0.25.0-pp39-pypy39_pp73-manylinux_2_17_s390x.manylinux2014_s390x.whl", hash = "sha256:551897221bbc9de17bce4574810347db8ec1ba4ec2f50f35421790d34bdb6ef9"},
    {file = "rpds_py-0.25.0-pp39-pypy39_pp73-manylinux_2_17_x86_64.manylinux2014_x86_64.whl", hash = "sha256:e3d50ac3b772c10e0b918a5ce2e871138896bfb5f35050ff1ff87ddca45961fc"},
    {file = "rpds_py-0.25.0-pp39-pypy39_pp73-manylinux_2_5_i686.manylinux1_i686.whl", hash = "sha256:8029c19c8a32ef3093c417dd16a5f806e7f529fcceea7c627b2635e9da5104da"},
    {file = "rpds_py-0.25.0-pp39-pypy39_pp73-musllinux_1_2_aarch64.whl", hash = "sha256:fe7439d9c5b402af2c9911c7facda1808d0c8dbfa9cf085e6aeac511a23f7d87"},
    {file = "rpds_py-0.25.0-pp39-pypy39_pp73-musllinux_1_2_i686.whl", hash = "sha256:77910d6bec321c9fccfe9cf5e407fed9d2c48a5e510473b4f070d5cf2413c003"},
    {file = "rpds_py-0.25.0-pp39-pypy39_pp73-musllinux_1_2_x86_64.whl", hash = "sha256:0ee0cc81f875e853ccdf3badb44b67f771fb9149baa9e752777ccdcaf052ad26"},
    {file = "rpds_py-0.25.0-pp39-pypy39_pp73-win_amd64.whl", hash = "sha256:469054e6b2f8e41f1fe62b95f617082019d343eddeec3219ff3909067e672fb9"},
    {file = "rpds_py-0.25.0.tar.gz", hash = "sha256:4d97661bf5848dd9e5eb7ded480deccf9d32ce2cd500b88a26acbf7bd2864985"},
]

[[package]]
name = "validators"
version = "0.35.0"
description = "Python Data Validation for Humans™"
optional = false
python-versions = ">=3.9"
groups = ["main"]
files = [
    {file = "validators-0.35.0-py3-none-any.whl", hash = "sha256:e8c947097eae7892cb3d26868d637f79f47b4a0554bc6b80065dfe5aac3705dd"},
    {file = "validators-0.35.0.tar.gz", hash = "sha256:992d6c48a4e77c81f1b4daba10d16c3a9bb0dbb79b3a19ea847ff0928e70497a"},
]

[package.extras]
crypto-eth-addresses = ["eth-hash[pycryptodome] (>=0.7.0)"]

[metadata]
lock-version = "2.1"
python-versions = "^3.13"
content-hash = "edd65a7177519ecb6d5dd461ac6c9e5a74e79ff7dd85a0c5a10550c14685c934"
